
Microsoft Visual Studio Solution File, Format Version 12.00
# Visual Studio Version 16
VisualStudioVersion = 16.0.29021.104
MinimumVisualStudioVersion = 10.0.40219.1
Project("{FAE04EC0-301F-11D3-BF4B-00C04F79EFBC}") = "DesignPatterns-NetCore", "DesignPatterns-NetCore.csproj", "{87D393E3-9869-4FC2-A567-8B52A3758E20}"
EndProject
Project("{FAE04EC0-301F-11D3-BF4B-00C04F79EFBC}") = "Pattern-Singleton", "..\Pattern-Singleton\Pattern-Singleton.csproj", "{1052A031-87C0-40AE-A693-E829F1579B9A}"
EndProject
Global
	GlobalSection(SolutionConfigurationPlatforms) = preSolution
		Debug|Any CPU = Debug|Any CPU
		Release|Any CPU = Release|Any CPU
	EndGlobalSection
	GlobalSection(ProjectConfigurationPlatforms) = postSolution
		{87D393E3-9869-4FC2-A567-8B52A3758E20}.Debug|Any CPU.ActiveCfg = Debug|Any CPU
		{87D393E3-9869-4FC2-A567-8B52A3758E20}.Debug|Any CPU.Build.0 = Debug|Any CPU
		{87D393E3-9869-4FC2-A567-8B52A3758E20}.Release|Any CPU.ActiveCfg = Release|Any CPU
		{87D393E3-9869-4FC2-A567-8B52A3758E20}.Release|Any CPU.Build.0 = Release|Any CPU
		{1052A031-87C0-40AE-A693-E829F1579B9A}.Debug|Any CPU.ActiveCfg = Debug|Any CPU
		{1052A031-87C0-40AE-A693-E829F1579B9A}.Debug|Any CPU.Build.0 = Debug|Any CPU
		{1052A031-87C0-40AE-A693-E829F1579B9A}.Release|Any CPU.ActiveCfg = Release|Any CPU
		{1052A031-87C0-40AE-A693-E829F1579B9A}.Release|Any CPU.Build.0 = Release|Any CPU
	EndGlobalSection
	GlobalSection(SolutionProperties) = preSolution
		HideSolutionNode = FALSE
	EndGlobalSection
	GlobalSection(ExtensibilityGlobals) = postSolution
		SolutionGuid = {1F17927D-51E4-4013-A83A-ADDECB094D86}
	EndGlobalSection
EndGlobal
